
Microsoft Visual Studio Solution File, Format Version 12.00
# Visual Studio Version 17
VisualStudioVersion = 17.1.32210.238
MinimumVisualStudioVersion = 10.0.40219.1
Project("{9A19103F-16F7-4668-BE54-9A1E7A4F7556}") = "QuickMusic3", "QuickMusic3\QuickMusic3.csproj", "{408E9B96-B494-45FB-8A36-270E92FCC3BE}"
EndProject
Project("{9A19103F-16F7-4668-BE54-9A1E7A4F7556}") = "NAudio.Core", "NAudio\NAudio.Core\NAudio.Core.csproj", "{93F947EF-2CF9-4A2A-BC76-6C7F54DC05FE}"
EndProject
Project("{9A19103F-16F7-4668-BE54-9A1E7A4F7556}") = "NAudio", "NAudio\NAudio\NAudio.csproj", "{C618FE9A-1B22-4247-876C-DA14F2E63717}"
EndProject
Project("{9A19103F-16F7-4668-BE54-9A1E7A4F7556}") = "TryashtarUtils.Utility", "utils.utility\TryashtarUtils.Utility.csproj", "{C15913F2-5AE4-46A7-9AA2-7AEDAF3CDEB1}"
EndProject
Project("{9A19103F-16F7-4668-BE54-9A1E7A4F7556}") = "TaglibSharp", "taglib-sharp\src\TaglibSharp\TaglibSharp.csproj", "{6B13C636-91B8-4ABB-928F-9877CFFC2041}"
EndProject
Project("{9A19103F-16F7-4668-BE54-9A1E7A4F7556}") = "NAudio.WinMM", "NAudio\NAudio.WinMM\NAudio.WinMM.csproj", "{7CD6C031-03AC-4CAB-A16B-428938E85118}"
EndProject
Project("{9A19103F-16F7-4668-BE54-9A1E7A4F7556}") = "NAudio.Wasapi", "NAudio\NAudio.Wasapi\NAudio.Wasapi.csproj", "{CF82F468-61A0-4478-AC7C-9FBBF2E06EBA}"
EndProject
Global
	GlobalSection(SolutionConfigurationPlatforms) = preSolution
		Debug|Any CPU = Debug|Any CPU
		Release|Any CPU = Release|Any CPU
	EndGlobalSection
	GlobalSection(ProjectConfigurationPlatforms) = postSolution
		{408E9B96-B494-45FB-8A36-270E92FCC3BE}.Debug|Any CPU.ActiveCfg = Debug|Any CPU
		{408E9B96-B494-45FB-8A36-270E92FCC3BE}.Debug|Any CPU.Build.0 = Debug|Any CPU
		{408E9B96-B494-45FB-8A36-270E92FCC3BE}.Release|Any CPU.ActiveCfg = Release|Any CPU
		{408E9B96-B494-45FB-8A36-270E92FCC3BE}.Release|Any CPU.Build.0 = Release|Any CPU
		{93F947EF-2CF9-4A2A-BC76-6C7F54DC05FE}.Debug|Any CPU.ActiveCfg = Debug|Any CPU
		{93F947EF-2CF9-4A2A-BC76-6C7F54DC05FE}.Debug|Any CPU.Build.0 = Debug|Any CPU
		{93F947EF-2CF9-4A2A-BC76-6C7F54DC05FE}.Release|Any CPU.ActiveCfg = Release|Any CPU
		{93F947EF-2CF9-4A2A-BC76-6C7F54DC05FE}.Release|Any CPU.Build.0 = Release|Any CPU
		{C618FE9A-1B22-4247-876C-DA14F2E63717}.Debug|Any CPU.ActiveCfg = Debug|Any CPU
		{C618FE9A-1B22-4247-876C-DA14F2E63717}.Debug|Any CPU.Build.0 = Debug|Any CPU
		{C618FE9A-1B22-4247-876C-DA14F2E63717}.Release|Any CPU.ActiveCfg = Release|Any CPU
		{C618FE9A-1B22-4247-876C-DA14F2E63717}.Release|Any CPU.Build.0 = Release|Any CPU
		{C15913F2-5AE4-46A7-9AA2-7AEDAF3CDEB1}.Debug|Any CPU.ActiveCfg = Debug|Any CPU
		{C15913F2-5AE4-46A7-9AA2-7AEDAF3CDEB1}.Debug|Any CPU.Build.0 = Debug|Any CPU
		{C15913F2-5AE4-46A7-9AA2-7AEDAF3CDEB1}.Release|Any CPU.ActiveCfg = Release|Any CPU
		{C15913F2-5AE4-46A7-9AA2-7AEDAF3CDEB1}.Release|Any CPU.Build.0 = Release|Any CPU
		{6B13C636-91B8-4ABB-928F-9877CFFC2041}.Debug|Any CPU.ActiveCfg = Debug|Any CPU
		{6B13C636-91B8-4ABB-928F-9877CFFC2041}.Debug|Any CPU.Build.0 = Debug|Any CPU
		{6B13C636-91B8-4ABB-928F-9877CFFC2041}.Release|Any CPU.ActiveCfg = Release|Any CPU
		{6B13C636-91B8-4ABB-928F-9877CFFC2041}.Release|Any CPU.Build.0 = Release|Any CPU
		{7CD6C031-03AC-4CAB-A16B-428938E85118}.Debug|Any CPU.ActiveCfg = Debug|Any CPU
		{7CD6C031-03AC-4CAB-A16B-428938E85118}.Debug|Any CPU.Build.0 = Debug|Any CPU
		{7CD6C031-03AC-4CAB-A16B-428938E85118}.Release|Any CPU.ActiveCfg = Release|Any CPU
		{7CD6C031-03AC-4CAB-A16B-428938E85118}.Release|Any CPU.Build.0 = Release|Any CPU
		{CF82F468-61A0-4478-AC7C-9FBBF2E06EBA}.Debug|Any CPU.ActiveCfg = Debug|Any CPU
		{CF82F468-61A0-4478-AC7C-9FBBF2E06EBA}.Debug|Any CPU.Build.0 = Debug|Any CPU
		{CF82F468-61A0-4478-AC7C-9FBBF2E06EBA}.Release|Any CPU.ActiveCfg = Release|Any CPU
		{CF82F468-61A0-4478-AC7C-9FBBF2E06EBA}.Release|Any CPU.Build.0 = Release|Any CPU
	EndGlobalSection
	GlobalSection(SolutionProperties) = preSolution
		HideSolutionNode = FALSE
	EndGlobalSection
	GlobalSection(ExtensibilityGlobals) = postSolution
		SolutionGuid = {41A578A7-7225-4890-8194-D31D991632CC}
	EndGlobalSection
EndGlobal
